
Microsoft Visual Studio Solution File, Format Version 12.00
# Visual Studio Version 17
VisualStudioVersion = 17.4.33110.190
MinimumVisualStudioVersion = 10.0.40219.1
Project("{FAE04EC0-301F-11D3-BF4B-00C04F79EFBC}") = "BoxHorario", "BoxHorario.csproj", "{53C53D4B-3144-471A-838E-C738D64106C0}"
EndProject
Global
	GlobalSection(SolutionConfigurationPlatforms) = preSolution
		Debug|Any CPU = Debug|Any CPU
		Release|Any CPU = Release|Any CPU
	EndGlobalSection
	GlobalSection(ProjectConfigurationPlatforms) = postSolution
		{53C53D4B-3144-471A-838E-C738D64106C0}.Debug|Any CPU.ActiveCfg = Debug|Any CPU
		{53C53D4B-3144-471A-838E-C738D64106C0}.Debug|Any CPU.Build.0 = Debug|Any CPU
		{53C53D4B-3144-471A-838E-C738D64106C0}.Release|Any CPU.ActiveCfg = Release|Any CPU
		{53C53D4B-3144-471A-838E-C738D64106C0}.Release|Any CPU.Build.0 = Release|Any CPU
	EndGlobalSection
	GlobalSection(SolutionProperties) = preSolution
		HideSolutionNode = FALSE
	EndGlobalSection
	GlobalSection(ExtensibilityGlobals) = postSolution
		SolutionGuid = {F346504C-E663-4A11-84B8-37119630A76E}
	EndGlobalSection
EndGlobal
